// !$*UTF8*$!
{
	archiveVersion = 1;
	classes = {
	};
	objectVersion = 56;
	objects = {

/* Begin PBXBuildFile section */
		254A37362A4E2D9F00B5F8B8 /* FacilityView.swift in Sources */ = {isa = PBXBuildFile; fileRef = 254A37352A4E2D9F00B5F8B8 /* FacilityView.swift */; };
		254A37382A4E2DA600B5F8B8 /* FacilityView.xib in Resources */ = {isa = PBXBuildFile; fileRef = 254A37372A4E2DA600B5F8B8 /* FacilityView.xib */; };
		25CAD1AE2A4DD13500591099 /* AppDelegate.swift in Sources */ = {isa = PBXBuildFile; fileRef = 25CAD1AD2A4DD13500591099 /* AppDelegate.swift */; };
		25CAD1B02A4DD13500591099 /* SceneDelegate.swift in Sources */ = {isa = PBXBuildFile; fileRef = 25CAD1AF2A4DD13500591099 /* SceneDelegate.swift */; };
		25CAD1B52A4DD13500591099 /* Main.storyboard in Resources */ = {isa = PBXBuildFile; fileRef = 25CAD1B32A4DD13500591099 /* Main.storyboard */; };
		25CAD1B72A4DD13700591099 /* Assets.xcassets in Resources */ = {isa = PBXBuildFile; fileRef = 25CAD1B62A4DD13700591099 /* Assets.xcassets */; };
		25CAD1BA2A4DD13700591099 /* LaunchScreen.storyboard in Resources */ = {isa = PBXBuildFile; fileRef = 25CAD1B82A4DD13700591099 /* LaunchScreen.storyboard */; };
		25CAD1CC2A4DD3AB00591099 /* APIManager.swift in Sources */ = {isa = PBXBuildFile; fileRef = 25CAD1CB2A4DD3AB00591099 /* APIManager.swift */; };
		25CAD1CF2A4DD44E00591099 /* Constants.swift in Sources */ = {isa = PBXBuildFile; fileRef = 25CAD1CE2A4DD44E00591099 /* Constants.swift */; };
		25CAD1D12A4DD65A00591099 /* PropertyModel.swift in Sources */ = {isa = PBXBuildFile; fileRef = 25CAD1D02A4DD65A00591099 /* PropertyModel.swift */; };
		25CAD1D32A4DD98100591099 /* PropertyViewModel.swift in Sources */ = {isa = PBXBuildFile; fileRef = 25CAD1D22A4DD98100591099 /* PropertyViewModel.swift */; };
		25CAD1D82A4DDB0C00591099 /* PropertyViewController.swift in Sources */ = {isa = PBXBuildFile; fileRef = 25CAD1D72A4DDB0C00591099 /* PropertyViewController.swift */; };
		25CAD1DE2A4E133500591099 /* Extensions.swift in Sources */ = {isa = PBXBuildFile; fileRef = 25CAD1DD2A4E133500591099 /* Extensions.swift */; };
		25CAD1E02A4E13B300591099 /* CustomButtonView.swift in Sources */ = {isa = PBXBuildFile; fileRef = 25CAD1DF2A4E13B300591099 /* CustomButtonView.swift */; };
		25CAD1E52A4E144100591099 /* CustomButtonView.xib in Resources */ = {isa = PBXBuildFile; fileRef = 25CAD1E42A4E144100591099 /* CustomButtonView.xib */; };
/* End PBXBuildFile section */

/* Begin PBXFileReference section */
		254A37352A4E2D9F00B5F8B8 /* FacilityView.swift */ = {isa = PBXFileReference; fileEncoding = 4; lastKnownFileType = sourcecode.swift; path = FacilityView.swift; sourceTree = "<group>"; };
		254A37372A4E2DA600B5F8B8 /* FacilityView.xib */ = {isa = PBXFileReference; fileEncoding = 4; lastKnownFileType = file.xib; path = FacilityView.xib; sourceTree = "<group>"; };
		25CAD1AA2A4DD13500591099 /* RadiusAssignment.app */ = {isa = PBXFileReference; explicitFileType = wrapper.application; includeInIndex = 0; path = RadiusAssignment.app; sourceTree = BUILT_PRODUCTS_DIR; };
		25CAD1AD2A4DD13500591099 /* AppDelegate.swift */ = {isa = PBXFileReference; lastKnownFileType = sourcecode.swift; path = AppDelegate.swift; sourceTree = "<group>"; };
		25CAD1AF2A4DD13500591099 /* SceneDelegate.swift */ = {isa = PBXFileReference; lastKnownFileType = sourcecode.swift; path = SceneDelegate.swift; sourceTree = "<group>"; };
		25CAD1B42A4DD13500591099 /* Base */ = {isa = PBXFileReference; lastKnownFileType = file.storyboard; name = Base; path = Base.lproj/Main.storyboard; sourceTree = "<group>"; };
		25CAD1B62A4DD13700591099 /* Assets.xcassets */ = {isa = PBXFileReference; lastKnownFileType = folder.assetcatalog; path = Assets.xcassets; sourceTree = "<group>"; };
		25CAD1B92A4DD13700591099 /* Base */ = {isa = PBXFileReference; lastKnownFileType = file.storyboard; name = Base; path = Base.lproj/LaunchScreen.storyboard; sourceTree = "<group>"; };
		25CAD1BB2A4DD13700591099 /* Info.plist */ = {isa = PBXFileReference; lastKnownFileType = text.plist.xml; path = Info.plist; sourceTree = "<group>"; };
		25CAD1CB2A4DD3AB00591099 /* APIManager.swift */ = {isa = PBXFileReference; lastKnownFileType = sourcecode.swift; path = APIManager.swift; sourceTree = "<group>"; };
		25CAD1CE2A4DD44E00591099 /* Constants.swift */ = {isa = PBXFileReference; lastKnownFileType = sourcecode.swift; path = Constants.swift; sourceTree = "<group>"; };
		25CAD1D02A4DD65A00591099 /* PropertyModel.swift */ = {isa = PBXFileReference; lastKnownFileType = sourcecode.swift; path = PropertyModel.swift; sourceTree = "<group>"; };
		25CAD1D22A4DD98100591099 /* PropertyViewModel.swift */ = {isa = PBXFileReference; lastKnownFileType = sourcecode.swift; path = PropertyViewModel.swift; sourceTree = "<group>"; };
		25CAD1D72A4DDB0C00591099 /* PropertyViewController.swift */ = {isa = PBXFileReference; lastKnownFileType = sourcecode.swift; path = PropertyViewController.swift; sourceTree = "<group>"; };
		25CAD1DD2A4E133500591099 /* Extensions.swift */ = {isa = PBXFileReference; lastKnownFileType = sourcecode.swift; path = Extensions.swift; sourceTree = "<group>"; };
		25CAD1DF2A4E13B300591099 /* CustomButtonView.swift */ = {isa = PBXFileReference; lastKnownFileType = sourcecode.swift; path = CustomButtonView.swift; sourceTree = "<group>"; };
		25CAD1E42A4E144100591099 /* CustomButtonView.xib */ = {isa = PBXFileReference; lastKnownFileType = file.xib; path = CustomButtonView.xib; sourceTree = "<group>"; };
/* End PBXFileReference section */

/* Begin PBXFrameworksBuildPhase section */
		25CAD1A72A4DD13500591099 /* Frameworks */ = {
			isa = PBXFrameworksBuildPhase;
			buildActionMask = 2147483647;
			files = (
			);
			runOnlyForDeploymentPostprocessing = 0;
		};
/* End PBXFrameworksBuildPhase section */

/* Begin PBXGroup section */
		254A37342A4E2D8D00B5F8B8 /* FacilityView */ = {
			isa = PBXGroup;
			children = (
				254A37352A4E2D9F00B5F8B8 /* FacilityView.swift */,
				254A37372A4E2DA600B5F8B8 /* FacilityView.xib */,
			);
			path = FacilityView;
			sourceTree = "<group>";
		};
		25CAD1A12A4DD13500591099 = {
			isa = PBXGroup;
			children = (
				25CAD1AC2A4DD13500591099 /* RadiusAssignment */,
				25CAD1AB2A4DD13500591099 /* Products */,
			);
			sourceTree = "<group>";
		};
		25CAD1AB2A4DD13500591099 /* Products */ = {
			isa = PBXGroup;
			children = (
				25CAD1AA2A4DD13500591099 /* RadiusAssignment.app */,
			);
			name = Products;
			sourceTree = "<group>";
		};
		25CAD1AC2A4DD13500591099 /* RadiusAssignment */ = {
			isa = PBXGroup;
			children = (
				25CAD1CD2A4DD43C00591099 /* Constants */,
				25CAD1C12A4DD26A00591099 /* Application */,
				25CAD1C22A4DD28C00591099 /* Extensions */,
				25CAD1C32A4DD2A700591099 /* Helper */,
				25CAD1C52A4DD2AE00591099 /* StoryBoard */,
				25CAD1C42A4DD2AB00591099 /* Screens */,
				25CAD1C62A4DD2B000591099 /* Resources */,
				25CAD1BB2A4DD13700591099 /* Info.plist */,
			);
			path = RadiusAssignment;
			sourceTree = "<group>";
		};
		25CAD1C12A4DD26A00591099 /* Application */ = {
			isa = PBXGroup;
			children = (
				25CAD1AD2A4DD13500591099 /* AppDelegate.swift */,
				25CAD1AF2A4DD13500591099 /* SceneDelegate.swift */,
			);
			path = Application;
			sourceTree = "<group>";
		};
		25CAD1C22A4DD28C00591099 /* Extensions */ = {
			isa = PBXGroup;
			children = (
				25CAD1DD2A4E133500591099 /* Extensions.swift */,
			);
			path = Extensions;
			sourceTree = "<group>";
		};
		25CAD1C32A4DD2A700591099 /* Helper */ = {
			isa = PBXGroup;
			children = (
				25CAD1CB2A4DD3AB00591099 /* APIManager.swift */,
			);
			path = Helper;
			sourceTree = "<group>";
		};
		25CAD1C42A4DD2AB00591099 /* Screens */ = {
			isa = PBXGroup;
			children = (
				25CAD1C72A4DD36200591099 /* Property */,
			);
			path = Screens;
			sourceTree = "<group>";
		};
		25CAD1C52A4DD2AE00591099 /* StoryBoard */ = {
			isa = PBXGroup;
			children = (
				25CAD1B32A4DD13500591099 /* Main.storyboard */,
				25CAD1B82A4DD13700591099 /* LaunchScreen.storyboard */,
			);
			path = StoryBoard;
			sourceTree = "<group>";
		};
		25CAD1C62A4DD2B000591099 /* Resources */ = {
			isa = PBXGroup;
			children = (
				25CAD1B62A4DD13700591099 /* Assets.xcassets */,
			);
			path = Resources;
			sourceTree = "<group>";
		};
		25CAD1C72A4DD36200591099 /* Property */ = {
			isa = PBXGroup;
			children = (
				25CAD1CA2A4DD38F00591099 /* View */,
				25CAD1C92A4DD37E00591099 /* ViewModel */,
				25CAD1C82A4DD36C00591099 /* Model */,
			);
			path = Property;
			sourceTree = "<group>";
		};
		25CAD1C82A4DD36C00591099 /* Model */ = {
			isa = PBXGroup;
			children = (
				25CAD1D02A4DD65A00591099 /* PropertyModel.swift */,
			);
			path = Model;
			sourceTree = "<group>";
		};
		25CAD1C92A4DD37E00591099 /* ViewModel */ = {
			isa = PBXGroup;
			children = (
				25CAD1D22A4DD98100591099 /* PropertyViewModel.swift */,
			);
			path = ViewModel;
			sourceTree = "<group>";
		};
		25CAD1CA2A4DD38F00591099 /* View */ = {
			isa = PBXGroup;
			children = (
				254A37342A4E2D8D00B5F8B8 /* FacilityView */,
				25CAD1E32A4E142100591099 /* OptionsView */,
				25CAD1E12A4E13F800591099 /* Controller */,
			);
			path = View;
			sourceTree = "<group>";
		};
		25CAD1CD2A4DD43C00591099 /* Constants */ = {
			isa = PBXGroup;
			children = (
				25CAD1CE2A4DD44E00591099 /* Constants.swift */,
			);
			path = Constants;
			sourceTree = "<group>";
		};
		25CAD1E12A4E13F800591099 /* Controller */ = {
			isa = PBXGroup;
			children = (
				25CAD1D72A4DDB0C00591099 /* PropertyViewController.swift */,
			);
			path = Controller;
			sourceTree = "<group>";
		};
		25CAD1E32A4E142100591099 /* OptionsView */ = {
			isa = PBXGroup;
			children = (
				25CAD1DF2A4E13B300591099 /* CustomButtonView.swift */,
				25CAD1E42A4E144100591099 /* CustomButtonView.xib */,
			);
			path = OptionsView;
			sourceTree = "<group>";
		};
/* End PBXGroup section */

/* Begin PBXNativeTarget section */
		25CAD1A92A4DD13500591099 /* RadiusAssignment */ = {
			isa = PBXNativeTarget;
			buildConfigurationList = 25CAD1BE2A4DD13700591099 /* Build configuration list for PBXNativeTarget "RadiusAssignment" */;
			buildPhases = (
				25CAD1A62A4DD13500591099 /* Sources */,
				25CAD1A72A4DD13500591099 /* Frameworks */,
				25CAD1A82A4DD13500591099 /* Resources */,
			);
			buildRules = (
			);
			dependencies = (
			);
			name = RadiusAssignment;
			productName = RadiusAssignment;
			productReference = 25CAD1AA2A4DD13500591099 /* RadiusAssignment.app */;
			productType = "com.apple.product-type.application";
		};
/* End PBXNativeTarget section */

/* Begin PBXProject section */
		25CAD1A22A4DD13500591099 /* Project object */ = {
			isa = PBXProject;
			attributes = {
				BuildIndependentTargetsInParallel = 1;
				LastSwiftUpdateCheck = 1420;
				LastUpgradeCheck = 1420;
				TargetAttributes = {
					25CAD1A92A4DD13500591099 = {
						CreatedOnToolsVersion = 14.2;
					};
				};
			};
			buildConfigurationList = 25CAD1A52A4DD13500591099 /* Build configuration list for PBXProject "RadiusAssignment" */;
			compatibilityVersion = "Xcode 14.0";
			developmentRegion = en;
			hasScannedForEncodings = 0;
			knownRegions = (
				en,
				Base,
			);
			mainGroup = 25CAD1A12A4DD13500591099;
			productRefGroup = 25CAD1AB2A4DD13500591099 /* Products */;
			projectDirPath = "";
			projectRoot = "";
			targets = (
				25CAD1A92A4DD13500591099 /* RadiusAssignment */,
			);
		};
/* End PBXProject section */

/* Begin PBXResourcesBuildPhase section */
		25CAD1A82A4DD13500591099 /* Resources */ = {
			isa = PBXResourcesBuildPhase;
			buildActionMask = 2147483647;
			files = (
				25CAD1BA2A4DD13700591099 /* LaunchScreen.storyboard in Resources */,
				25CAD1B72A4DD13700591099 /* Assets.xcassets in Resources */,
				25CAD1B52A4DD13500591099 /* Main.storyboard in Resources */,
				25CAD1E52A4E144100591099 /* CustomButtonView.xib in Resources */,
				254A37382A4E2DA600B5F8B8 /* FacilityView.xib in Resources */,
			);
			runOnlyForDeploymentPostprocessing = 0;
		};
/* End PBXResourcesBuildPhase section */

/* Begin PBXSourcesBuildPhase section */
		25CAD1A62A4DD13500591099 /* Sources */ = {
			isa = PBXSourcesBuildPhase;
			buildActionMask = 2147483647;
			files = (
				25CAD1DE2A4E133500591099 /* Extensions.swift in Sources */,
				25CAD1D82A4DDB0C00591099 /* PropertyViewController.swift in Sources */,
				25CAD1D12A4DD65A00591099 /* PropertyModel.swift in Sources */,
				254A37362A4E2D9F00B5F8B8 /* FacilityView.swift in Sources */,
				25CAD1D32A4DD98100591099 /* PropertyViewModel.swift in Sources */,
				25CAD1E02A4E13B300591099 /* CustomButtonView.swift in Sources */,
				25CAD1CF2A4DD44E00591099 /* Constants.swift in Sources */,
				25CAD1CC2A4DD3AB00591099 /* APIManager.swift in Sources */,
				25CAD1AE2A4DD13500591099 /* AppDelegate.swift in Sources */,
				25CAD1B02A4DD13500591099 /* SceneDelegate.swift in Sources */,
			);
			runOnlyForDeploymentPostprocessing = 0;
		};
/* End PBXSourcesBuildPhase section */

/* Begin PBXVariantGroup section */
		25CAD1B32A4DD13500591099 /* Main.storyboard */ = {
			isa = PBXVariantGroup;
			children = (
				25CAD1B42A4DD13500591099 /* Base */,
			);
			name = Main.storyboard;
			sourceTree = "<group>";
		};
		25CAD1B82A4DD13700591099 /* LaunchScreen.storyboard */ = {
			isa = PBXVariantGroup;
			children = (
				25CAD1B92A4DD13700591099 /* Base */,
			);
			name = LaunchScreen.storyboard;
			sourceTree = "<group>";
		};
/* End PBXVariantGroup section */

/* Begin XCBuildConfiguration section */
		25CAD1BC2A4DD13700591099 /* Debug */ = {
			isa = XCBuildConfiguration;
			buildSettings = {
				ALWAYS_SEARCH_USER_PATHS = NO;
				CLANG_ANALYZER_NONNULL = YES;
				CLANG_ANALYZER_NUMBER_OBJECT_CONVERSION = YES_AGGRESSIVE;
				CLANG_CXX_LANGUAGE_STANDARD = "gnu++20";
				CLANG_ENABLE_MODULES = YES;
				CLANG_ENABLE_OBJC_ARC = YES;
				CLANG_ENABLE_OBJC_WEAK = YES;
				CLANG_WARN_BLOCK_CAPTURE_AUTORELEASING = YES;
				CLANG_WARN_BOOL_CONVERSION = YES;
				CLANG_WARN_COMMA = YES;
				CLANG_WARN_CONSTANT_CONVERSION = YES;
				CLANG_WARN_DEPRECATED_OBJC_IMPLEMENTATIONS = YES;
				CLANG_WARN_DIRECT_OBJC_ISA_USAGE = YES_ERROR;
				CLANG_WARN_DOCUMENTATION_COMMENTS = YES;
				CLANG_WARN_EMPTY_BODY = YES;
				CLANG_WARN_ENUM_CONVERSION = YES;
				CLANG_WARN_INFINITE_RECURSION = YES;
				CLANG_WARN_INT_CONVERSION = YES;
				CLANG_WARN_NON_LITERAL_NULL_CONVERSION = YES;
				CLANG_WARN_OBJC_IMPLICIT_RETAIN_SELF = YES;
				CLANG_WARN_OBJC_LITERAL_CONVERSION = YES;
				CLANG_WARN_OBJC_ROOT_CLASS = YES_ERROR;
				CLANG_WARN_QUOTED_INCLUDE_IN_FRAMEWORK_HEADER = YES;
				CLANG_WARN_RANGE_LOOP_ANALYSIS = YES;
				CLANG_WARN_STRICT_PROTOTYPES = YES;
				CLANG_WARN_SUSPICIOUS_MOVE = YES;
				CLANG_WARN_UNGUARDED_AVAILABILITY = YES_AGGRESSIVE;
				CLANG_WARN_UNREACHABLE_CODE = YES;
				CLANG_WARN__DUPLICATE_METHOD_MATCH = YES;
				COPY_PHASE_STRIP = NO;
				DEBUG_INFORMATION_FORMAT = dwarf;
				ENABLE_STRICT_OBJC_MSGSEND = YES;
				ENABLE_TESTABILITY = YES;
				GCC_C_LANGUAGE_STANDARD = gnu11;
				GCC_DYNAMIC_NO_PIC = NO;
				GCC_NO_COMMON_BLOCKS = YES;
				GCC_OPTIMIZATION_LEVEL = 0;
				GCC_PREPROCESSOR_DEFINITIONS = (
					"DEBUG=1",
					"$(inherited)",
				);
				GCC_WARN_64_TO_32_BIT_CONVERSION = YES;
				GCC_WARN_ABOUT_RETURN_TYPE = YES_ERROR;
				GCC_WARN_UNDECLARED_SELECTOR = YES;
				GCC_WARN_UNINITIALIZED_AUTOS = YES_AGGRESSIVE;
				GCC_WARN_UNUSED_FUNCTION = YES;
				GCC_WARN_UNUSED_VARIABLE = YES;
				IPHONEOS_DEPLOYMENT_TARGET = 16.2;
				MTL_ENABLE_DEBUG_INFO = INCLUDE_SOURCE;
				MTL_FAST_MATH = YES;
				ONLY_ACTIVE_ARCH = YES;
				SDKROOT = iphoneos;
				SWIFT_ACTIVE_COMPILATION_CONDITIONS = DEBUG;
				SWIFT_OPTIMIZATION_LEVEL = "-Onone";
			};
			name = Debug;
		};
		25CAD1BD2A4DD13700591099 /* Release */ = {
			isa = XCBuildConfiguration;
			buildSettings = {
				ALWAYS_SEARCH_USER_PATHS = NO;
				CLANG_ANALYZER_NONNULL = YES;
				CLANG_ANALYZER_NUMBER_OBJECT_CONVERSION = YES_AGGRESSIVE;
				CLANG_CXX_LANGUAGE_STANDARD = "gnu++20";
				CLANG_ENABLE_MODULES = YES;
				CLANG_ENABLE_OBJC_ARC = YES;
				CLANG_ENABLE_OBJC_WEAK = YES;
				CLANG_WARN_BLOCK_CAPTURE_AUTORELEASING = YES;
				CLANG_WARN_BOOL_CONVERSION = YES;
				CLANG_WARN_COMMA = YES;
				CLANG_WARN_CONSTANT_CONVERSION = YES;
				CLANG_WARN_DEPRECATED_OBJC_IMPLEMENTATIONS = YES;
				CLANG_WARN_DIRECT_OBJC_ISA_USAGE = YES_ERROR;
				CLANG_WARN_DOCUMENTATION_COMMENTS = YES;
				CLANG_WARN_EMPTY_BODY = YES;
				CLANG_WARN_ENUM_CONVERSION = YES;
				CLANG_WARN_INFINITE_RECURSION = YES;
				CLANG_WARN_INT_CONVERSION = YES;
				CLANG_WARN_NON_LITERAL_NULL_CONVERSION = YES;
				CLANG_WARN_OBJC_IMPLICIT_RETAIN_SELF = YES;
				CLANG_WARN_OBJC_LITERAL_CONVERSION = YES;
				CLANG_WARN_OBJC_ROOT_CLASS = YES_ERROR;
				CLANG_WARN_QUOTED_INCLUDE_IN_FRAMEWORK_HEADER = YES;
				CLANG_WARN_RANGE_LOOP_ANALYSIS = YES;
				CLANG_WARN_STRICT_PROTOTYPES = YES;
				CLANG_WARN_SUSPICIOUS_MOVE = YES;
				CLANG_WARN_UNGUARDED_AVAILABILITY = YES_AGGRESSIVE;
				CLANG_WARN_UNREACHABLE_CODE = YES;
				CLANG_WARN__DUPLICATE_METHOD_MATCH = YES;
				COPY_PHASE_STRIP = NO;
				DEBUG_INFORMATION_FORMAT = "dwarf-with-dsym";
				ENABLE_NS_ASSERTIONS = NO;
				ENABLE_STRICT_OBJC_MSGSEND = YES;
				GCC_C_LANGUAGE_STANDARD = gnu11;
				GCC_NO_COMMON_BLOCKS = YES;
				GCC_WARN_64_TO_32_BIT_CONVERSION = YES;
				GCC_WARN_ABOUT_RETURN_TYPE = YES_ERROR;
				GCC_WARN_UNDECLARED_SELECTOR = YES;
				GCC_WARN_UNINITIALIZED_AUTOS = YES_AGGRESSIVE;
				GCC_WARN_UNUSED_FUNCTION = YES;
				GCC_WARN_UNUSED_VARIABLE = YES;
				IPHONEOS_DEPLOYMENT_TARGET = 16.2;
				MTL_ENABLE_DEBUG_INFO = NO;
				MTL_FAST_MATH = YES;
				SDKROOT = iphoneos;
				SWIFT_COMPILATION_MODE = wholemodule;
				SWIFT_OPTIMIZATION_LEVEL = "-O";
				VALIDATE_PRODUCT = YES;
			};
			name = Release;
		};
		25CAD1BF2A4DD13700591099 /* Debug */ = {
			isa = XCBuildConfiguration;
			buildSettings = {
				ASSETCATALOG_COMPILER_APPICON_NAME = AppIcon;
				ASSETCATALOG_COMPILER_GLOBAL_ACCENT_COLOR_NAME = AccentColor;
				CODE_SIGN_STYLE = Automatic;
				CURRENT_PROJECT_VERSION = 1;
				DEVELOPMENT_TEAM = XYU84JFHU8;
				GENERATE_INFOPLIST_FILE = YES;
				INFOPLIST_FILE = RadiusAssignment/Info.plist;
				INFOPLIST_KEY_UIApplicationSupportsIndirectInputEvents = YES;
				INFOPLIST_KEY_UILaunchStoryboardName = LaunchScreen;
				INFOPLIST_KEY_UIMainStoryboardFile = Main;
				INFOPLIST_KEY_UISupportedInterfaceOrientations_iPad = "UIInterfaceOrientationPortrait UIInterfaceOrientationPortraitUpsideDown UIInterfaceOrientationLandscapeLeft UIInterfaceOrientationLandscapeRight";
				INFOPLIST_KEY_UISupportedInterfaceOrientations_iPhone = "UIInterfaceOrientationPortrait UIInterfaceOrientationLandscapeLeft UIInterfaceOrientationLandscapeRight";
				LD_RUNPATH_SEARCH_PATHS = (
					"$(inherited)",
					"@executable_path/Frameworks",
				);
				MARKETING_VERSION = 1.0;
				PRODUCT_BUNDLE_IDENTIFIER = stashfin.RadiusAssignment;
				PRODUCT_NAME = "$(TARGET_NAME)";
				SWIFT_EMIT_LOC_STRINGS = YES;
				SWIFT_VERSION = 5.0;
				TARGETED_DEVICE_FAMILY = "1,2";
			};
			name = Debug;
		};
		25CAD1C02A4DD13700591099 /* Release */ = {
			isa = XCBuildConfiguration;
			buildSettings = {
				ASSETCATALOG_COMPILER_APPICON_NAME = AppIcon;
				ASSETCATALOG_COMPILER_GLOBAL_ACCENT_COLOR_NAME = AccentColor;
				CODE_SIGN_STYLE = Automatic;
				CURRENT_PROJECT_VERSION = 1;
				DEVELOPMENT_TEAM = XYU84JFHU8;
				GENERATE_INFOPLIST_FILE = YES;
				INFOPLIST_FILE = RadiusAssignment/Info.plist;
				INFOPLIST_KEY_UIApplicationSupportsIndirectInputEvents = YES;
				INFOPLIST_KEY_UILaunchStoryboardName = LaunchScreen;
				INFOPLIST_KEY_UIMainStoryboardFile = Main;
				INFOPLIST_KEY_UISupportedInterfaceOrientations_iPad = "UIInterfaceOrientationPortrait UIInterfaceOrientationPortraitUpsideDown UIInterfaceOrientationLandscapeLeft UIInterfaceOrientationLandscapeRight";
				INFOPLIST_KEY_UISupportedInterfaceOrientations_iPhone = "UIInterfaceOrientationPortrait UIInterfaceOrientationLandscapeLeft UIInterfaceOrientationLandscapeRight";
				LD_RUNPATH_SEARCH_PATHS = (
					"$(inherited)",
					"@executable_path/Frameworks",
				);
				MARKETING_VERSION = 1.0;
				PRODUCT_BUNDLE_IDENTIFIER = stashfin.RadiusAssignment;
				PRODUCT_NAME = "$(TARGET_NAME)";
				SWIFT_EMIT_LOC_STRINGS = YES;
				SWIFT_VERSION = 5.0;
				TARGETED_DEVICE_FAMILY = "1,2";
			};
			name = Release;
		};
/* End XCBuildConfiguration section */

/* Begin XCConfigurationList section */
		25CAD1A52A4DD13500591099 /* Build configuration list for PBXProject "RadiusAssignment" */ = {
			isa = XCConfigurationList;
			buildConfigurations = (
				25CAD1BC2A4DD13700591099 /* Debug */,
				25CAD1BD2A4DD13700591099 /* Release */,
			);
			defaultConfigurationIsVisible = 0;
			defaultConfigurationName = Release;
		};
		25CAD1BE2A4DD13700591099 /* Build configuration list for PBXNativeTarget "RadiusAssignment" */ = {
			isa = XCConfigurationList;
			buildConfigurations = (
				25CAD1BF2A4DD13700591099 /* Debug */,
				25CAD1C02A4DD13700591099 /* Release */,
			);
			defaultConfigurationIsVisible = 0;
			defaultConfigurationName = Release;
		};
/* End XCConfigurationList section */
	};
	rootObject = 25CAD1A22A4DD13500591099 /* Project object */;
}
